
Microsoft Visual Studio Solution File, Format Version 11.00
# Visual Studio 2010
Project("{2150E333-8FDC-42A3-9474-1A3956D46DE8}") = "RIA", "RIA", "{3676027D-2299-4A80-99F6-77180AD8845A}"
EndProject
Project("{2150E333-8FDC-42A3-9474-1A3956D46DE8}") = "SmartPhones", "SmartPhones", "{9AE8EA36-9A72-4A42-A7EC-684A4CD8B342}"
EndProject
Project("{2150E333-8FDC-42A3-9474-1A3956D46DE8}") = "WEB", "WEB", "{B995C3BC-1C99-48BA-8AF5-4AD97DEC585D}"
EndProject
Project("{2150E333-8FDC-42A3-9474-1A3956D46DE8}") = "MVC", "MVC", "{74073ECB-6A19-4E9B-9A4B-9BC684477FAB}"
EndProject
Project("{2150E333-8FDC-42A3-9474-1A3956D46DE8}") = "WebForms", "WebForms", "{A308791F-6467-4214-A86A-66D643929E5E}"
EndProject
Project("{2150E333-8FDC-42A3-9474-1A3956D46DE8}") = "Windows", "Windows", "{0EABC4CF-B5F3-4690-8016-BD22F4C60FF2}"
EndProject
Project("{2150E333-8FDC-42A3-9474-1A3956D46DE8}") = "WPF", "WPF", "{670377BA-1C77-4464-91AD-E8137B134DA2}"
EndProject
Project("{2150E333-8FDC-42A3-9474-1A3956D46DE8}") = "WindowsForms", "WindowsForms", "{ECED3209-C236-403D-9726-48E7ADC138CB}"
EndProject
Project("{2150E333-8FDC-42A3-9474-1A3956D46DE8}") = "01.Layer.Presentation", "01.Layer.Presentation", "{E6BA53D4-A822-4524-BC89-0DF1F9C3D2AA}"
EndProject
Project("{2150E333-8FDC-42A3-9474-1A3956D46DE8}") = "02.Layer.DistributedServices", "02.Layer.DistributedServices", "{C0914760-F882-4D6B-BF5A-55BF55EFD4B0}"
EndProject
Project("{2150E333-8FDC-42A3-9474-1A3956D46DE8}") = "03.Layer.BusinessLogic", "03.Layer.BusinessLogic", "{CAB1CFF2-3E8C-4CF0-B026-7C0FF65C3684}"
EndProject
Project("{2150E333-8FDC-42A3-9474-1A3956D46DE8}") = "04.Layer.BusinessModel", "04.Layer.BusinessModel", "{93E918AF-EE81-4B94-BE08-E047E3A9B88D}"
EndProject
Project("{2150E333-8FDC-42A3-9474-1A3956D46DE8}") = "05.Layer.Infrastructure", "05.Layer.Infrastructure", "{CC62329F-F43F-4E1D-A376-EDBCABD1E22A}"
EndProject
Project("{2150E333-8FDC-42A3-9474-1A3956D46DE8}") = "06.Layer.Support", "06.Layer.Support", "{49E2E245-9D96-452D-B521-6F421A6B3EFD}"
EndProject
Project("{2150E333-8FDC-42A3-9474-1A3956D46DE8}") = "Security", "Security", "{722B6000-6DE8-4B79-B04D-8D632FE9D230}"
EndProject
Project("{2150E333-8FDC-42A3-9474-1A3956D46DE8}") = "Sockets", "Sockets", "{3187848D-4A96-49B4-91FA-B750ADAF0C60}"
EndProject
Project("{2150E333-8FDC-42A3-9474-1A3956D46DE8}") = "DataSources", "DataSources", "{903F3ABC-A113-4793-A651-275E3FF95E78}"
EndProject
Project("{2150E333-8FDC-42A3-9474-1A3956D46DE8}") = "ExternalServices", "ExternalServices", "{F31FAED8-4C11-44EF-AF78-C52D53B60C39}"
EndProject
Project("{2150E333-8FDC-42A3-9474-1A3956D46DE8}") = "Contracts", "Contracts", "{9C01F562-2717-4237-B526-35B978FE5EC0}"
EndProject
Project("{2150E333-8FDC-42A3-9474-1A3956D46DE8}") = "Services", "Services", "{D8DCCA9F-42E0-4B51-AF19-142BF3153208}"
EndProject
Project("{2150E333-8FDC-42A3-9474-1A3956D46DE8}") = "Workflows", "Workflows", "{A02B6FE9-6F1D-4BDA-A820-559F6FB9992A}"
EndProject
Project("{2150E333-8FDC-42A3-9474-1A3956D46DE8}") = "REST", "REST", "{D72950B3-138F-4E0C-BE51-6C95C9296A64}"
EndProject
Project("{2150E333-8FDC-42A3-9474-1A3956D46DE8}") = "WCF", "WCF", "{5FA40179-2BC7-4CF3-86F1-B5FD1CD4B6F8}"
EndProject
Project("{2150E333-8FDC-42A3-9474-1A3956D46DE8}") = "WebServices", "WebServices", "{5E3BE99F-3B6F-4B51-98F5-415C8514CFC3}"
EndProject
Project("{2150E333-8FDC-42A3-9474-1A3956D46DE8}") = "WindowsMobile", "WindowsMobile", "{7BE5274F-3277-40E1-AFE0-073660F8B7A1}"
EndProject
Project("{2150E333-8FDC-42A3-9474-1A3956D46DE8}") = "Windows Phone 7", "Windows Phone 7", "{0946979B-1ECE-4C08-A9B2-8551B17D4B27}"
EndProject
Project("{FAE04EC0-301F-11D3-BF4B-00C04F79EFBC}") = "MembershipProviders", "MembershipProviders\MembershipProviders.csproj", "{636354F7-C15F-41A5-B0C8-88AC1AC3B52F}"
EndProject
Project("{FAE04EC0-301F-11D3-BF4B-00C04F79EFBC}") = "RolesProviders", "RolesProviders\RolesProviders.csproj", "{4929D1C6-FD76-4FCC-AE03-434AC702F759}"
EndProject
Project("{E24C65DC-7377-472B-9ABA-BC803B73C61A}") = "AdminSite", "http://localhost/AdminSite", "{A10FF571-7D25-4955-9650-E8B8C79E29A3}"
	ProjectSection(WebsiteProperties) = preProject
		UseIISExpress = "false"
		TargetFrameworkMoniker = ".NETFramework,Version%3Dv4.0"
		Debug.AspNetCompiler.VirtualPath = "/AdminSite"
		Debug.AspNetCompiler.PhysicalPath = "..\..\..\..\..\..\..\inetpub\wwwroot\AdminSite\"
		Debug.AspNetCompiler.TargetPath = "PrecompiledWeb\AdminSite\"
		Debug.AspNetCompiler.Updateable = "true"
		Debug.AspNetCompiler.ForceOverwrite = "true"
		Debug.AspNetCompiler.FixedNames = "false"
		Debug.AspNetCompiler.Debug = "True"
		Release.AspNetCompiler.VirtualPath = "/AdminSite"
		Release.AspNetCompiler.PhysicalPath = "..\..\..\..\..\..\..\inetpub\wwwroot\AdminSite\"
		Release.AspNetCompiler.TargetPath = "PrecompiledWeb\AdminSite\"
		Release.AspNetCompiler.Updateable = "true"
		Release.AspNetCompiler.ForceOverwrite = "true"
		Release.AspNetCompiler.FixedNames = "false"
		Release.AspNetCompiler.Debug = "False"
		SlnRelativePath = "..\..\..\..\..\..\..\inetpub\wwwroot\AdminSite\"
		DefaultWebSiteLanguage = "Visual C#"
	EndProjectSection
EndProject
Global
	GlobalSection(SolutionConfigurationPlatforms) = preSolution
		Debug|Any CPU = Debug|Any CPU
		Release|Any CPU = Release|Any CPU
	EndGlobalSection
	GlobalSection(ProjectConfigurationPlatforms) = postSolution
		{636354F7-C15F-41A5-B0C8-88AC1AC3B52F}.Debug|Any CPU.ActiveCfg = Debug|Any CPU
		{636354F7-C15F-41A5-B0C8-88AC1AC3B52F}.Debug|Any CPU.Build.0 = Debug|Any CPU
		{636354F7-C15F-41A5-B0C8-88AC1AC3B52F}.Release|Any CPU.ActiveCfg = Release|Any CPU
		{636354F7-C15F-41A5-B0C8-88AC1AC3B52F}.Release|Any CPU.Build.0 = Release|Any CPU
		{4929D1C6-FD76-4FCC-AE03-434AC702F759}.Debug|Any CPU.ActiveCfg = Debug|Any CPU
		{4929D1C6-FD76-4FCC-AE03-434AC702F759}.Debug|Any CPU.Build.0 = Debug|Any CPU
		{4929D1C6-FD76-4FCC-AE03-434AC702F759}.Release|Any CPU.ActiveCfg = Release|Any CPU
		{4929D1C6-FD76-4FCC-AE03-434AC702F759}.Release|Any CPU.Build.0 = Release|Any CPU
		{A10FF571-7D25-4955-9650-E8B8C79E29A3}.Debug|Any CPU.ActiveCfg = Debug|Any CPU
		{A10FF571-7D25-4955-9650-E8B8C79E29A3}.Debug|Any CPU.Build.0 = Debug|Any CPU
		{A10FF571-7D25-4955-9650-E8B8C79E29A3}.Release|Any CPU.ActiveCfg = Debug|Any CPU
		{A10FF571-7D25-4955-9650-E8B8C79E29A3}.Release|Any CPU.Build.0 = Debug|Any CPU
	EndGlobalSection
	GlobalSection(SolutionProperties) = preSolution
		HideSolutionNode = FALSE
	EndGlobalSection
	GlobalSection(NestedProjects) = preSolution
		{9AE8EA36-9A72-4A42-A7EC-684A4CD8B342} = {E6BA53D4-A822-4524-BC89-0DF1F9C3D2AA}
		{B995C3BC-1C99-48BA-8AF5-4AD97DEC585D} = {E6BA53D4-A822-4524-BC89-0DF1F9C3D2AA}
		{0EABC4CF-B5F3-4690-8016-BD22F4C60FF2} = {E6BA53D4-A822-4524-BC89-0DF1F9C3D2AA}
		{3676027D-2299-4A80-99F6-77180AD8845A} = {E6BA53D4-A822-4524-BC89-0DF1F9C3D2AA}
		{7BE5274F-3277-40E1-AFE0-073660F8B7A1} = {9AE8EA36-9A72-4A42-A7EC-684A4CD8B342}
		{0946979B-1ECE-4C08-A9B2-8551B17D4B27} = {9AE8EA36-9A72-4A42-A7EC-684A4CD8B342}
		{74073ECB-6A19-4E9B-9A4B-9BC684477FAB} = {B995C3BC-1C99-48BA-8AF5-4AD97DEC585D}
		{A308791F-6467-4214-A86A-66D643929E5E} = {B995C3BC-1C99-48BA-8AF5-4AD97DEC585D}
		{A10FF571-7D25-4955-9650-E8B8C79E29A3} = {A308791F-6467-4214-A86A-66D643929E5E}
		{670377BA-1C77-4464-91AD-E8137B134DA2} = {0EABC4CF-B5F3-4690-8016-BD22F4C60FF2}
		{ECED3209-C236-403D-9726-48E7ADC138CB} = {0EABC4CF-B5F3-4690-8016-BD22F4C60FF2}
		{D72950B3-138F-4E0C-BE51-6C95C9296A64} = {C0914760-F882-4D6B-BF5A-55BF55EFD4B0}
		{5FA40179-2BC7-4CF3-86F1-B5FD1CD4B6F8} = {C0914760-F882-4D6B-BF5A-55BF55EFD4B0}
		{5E3BE99F-3B6F-4B51-98F5-415C8514CFC3} = {C0914760-F882-4D6B-BF5A-55BF55EFD4B0}
		{9C01F562-2717-4237-B526-35B978FE5EC0} = {CAB1CFF2-3E8C-4CF0-B026-7C0FF65C3684}
		{D8DCCA9F-42E0-4B51-AF19-142BF3153208} = {CAB1CFF2-3E8C-4CF0-B026-7C0FF65C3684}
		{A02B6FE9-6F1D-4BDA-A820-559F6FB9992A} = {CAB1CFF2-3E8C-4CF0-B026-7C0FF65C3684}
		{903F3ABC-A113-4793-A651-275E3FF95E78} = {CC62329F-F43F-4E1D-A376-EDBCABD1E22A}
		{F31FAED8-4C11-44EF-AF78-C52D53B60C39} = {CC62329F-F43F-4E1D-A376-EDBCABD1E22A}
		{722B6000-6DE8-4B79-B04D-8D632FE9D230} = {49E2E245-9D96-452D-B521-6F421A6B3EFD}
		{3187848D-4A96-49B4-91FA-B750ADAF0C60} = {49E2E245-9D96-452D-B521-6F421A6B3EFD}
		{636354F7-C15F-41A5-B0C8-88AC1AC3B52F} = {722B6000-6DE8-4B79-B04D-8D632FE9D230}
		{4929D1C6-FD76-4FCC-AE03-434AC702F759} = {722B6000-6DE8-4B79-B04D-8D632FE9D230}
	EndGlobalSection
EndGlobal
